// !$*UTF8*$!
{
	archiveVersion = 1;
	classes = {
	};
	objectVersion = 55;
	objects = {

/* Begin PBXBuildFile section */
		9A75A0082881FF2800320E95 /* PostCell.swift in Sources */ = {isa = PBXBuildFile; fileRef = 9A75A0072881FF2800320E95 /* PostCell.swift */; };
		9A75A00C2882006E00320E95 /* Alamofire in Frameworks */ = {isa = PBXBuildFile; productRef = 9A75A00B2882006E00320E95 /* Alamofire */; };
		9A75A00E288202D200320E95 /* Request.swift in Sources */ = {isa = PBXBuildFile; fileRef = 9A75A00D288202D200320E95 /* Request.swift */; };
		9A75A010288202F700320E95 /* Post.swift in Sources */ = {isa = PBXBuildFile; fileRef = 9A75A00F288202F700320E95 /* Post.swift */; };
		9A75A014288204CE00320E95 /* ViewControllerModel.swift in Sources */ = {isa = PBXBuildFile; fileRef = 9A75A013288204CE00320E95 /* ViewControllerModel.swift */; };
		9A75A0162882EF4300320E95 /* RequstProtocol.swift in Sources */ = {isa = PBXBuildFile; fileRef = 9A75A0152882EF4300320E95 /* RequstProtocol.swift */; };
		9A75A01A2883135F00320E95 /* DeteilController.swift in Sources */ = {isa = PBXBuildFile; fileRef = 9A75A0192883135F00320E95 /* DeteilController.swift */; };
		9A75A01D2883715D00320E95 /* SDWebImageWebPCoder in Frameworks */ = {isa = PBXBuildFile; productRef = 9A75A01C2883715D00320E95 /* SDWebImageWebPCoder */; };
		9A75A01F2884244700320E95 /* DeteilPostCell.swift in Sources */ = {isa = PBXBuildFile; fileRef = 9A75A01E2884244700320E95 /* DeteilPostCell.swift */; };
		9A75A0212884269B00320E95 /* DeteilControllerModel.swift in Sources */ = {isa = PBXBuildFile; fileRef = 9A75A0202884269B00320E95 /* DeteilControllerModel.swift */; };
		9AABF1042881FD2F00F12C7F /* AppDelegate.swift in Sources */ = {isa = PBXBuildFile; fileRef = 9AABF1032881FD2F00F12C7F /* AppDelegate.swift */; };
		9AABF1062881FD2F00F12C7F /* SceneDelegate.swift in Sources */ = {isa = PBXBuildFile; fileRef = 9AABF1052881FD2F00F12C7F /* SceneDelegate.swift */; };
		9AABF1082881FD2F00F12C7F /* ViewController.swift in Sources */ = {isa = PBXBuildFile; fileRef = 9AABF1072881FD2F00F12C7F /* ViewController.swift */; };
		9AABF10B2881FD2F00F12C7F /* Main.storyboard in Resources */ = {isa = PBXBuildFile; fileRef = 9AABF1092881FD2F00F12C7F /* Main.storyboard */; };
		9AABF10D2881FD3100F12C7F /* Assets.xcassets in Resources */ = {isa = PBXBuildFile; fileRef = 9AABF10C2881FD3100F12C7F /* Assets.xcassets */; };
		9AABF1102881FD3100F12C7F /* LaunchScreen.storyboard in Resources */ = {isa = PBXBuildFile; fileRef = 9AABF10E2881FD3100F12C7F /* LaunchScreen.storyboard */; };
/* End PBXBuildFile section */

/* Begin PBXFileReference section */
		9A75A0072881FF2800320E95 /* PostCell.swift */ = {isa = PBXFileReference; lastKnownFileType = sourcecode.swift; path = PostCell.swift; sourceTree = "<group>"; };
		9A75A00D288202D200320E95 /* Request.swift */ = {isa = PBXFileReference; lastKnownFileType = sourcecode.swift; path = Request.swift; sourceTree = "<group>"; };
		9A75A00F288202F700320E95 /* Post.swift */ = {isa = PBXFileReference; lastKnownFileType = sourcecode.swift; path = Post.swift; sourceTree = "<group>"; };
		9A75A013288204CE00320E95 /* ViewControllerModel.swift */ = {isa = PBXFileReference; lastKnownFileType = sourcecode.swift; path = ViewControllerModel.swift; sourceTree = "<group>"; };
		9A75A0152882EF4300320E95 /* RequstProtocol.swift */ = {isa = PBXFileReference; lastKnownFileType = sourcecode.swift; path = RequstProtocol.swift; sourceTree = "<group>"; };
		9A75A0192883135F00320E95 /* DeteilController.swift */ = {isa = PBXFileReference; lastKnownFileType = sourcecode.swift; path = DeteilController.swift; sourceTree = "<group>"; };
		9A75A01E2884244700320E95 /* DeteilPostCell.swift */ = {isa = PBXFileReference; lastKnownFileType = sourcecode.swift; path = DeteilPostCell.swift; sourceTree = "<group>"; };
		9A75A0202884269B00320E95 /* DeteilControllerModel.swift */ = {isa = PBXFileReference; lastKnownFileType = sourcecode.swift; path = DeteilControllerModel.swift; sourceTree = "<group>"; };
		9AABF1002881FD2F00F12C7F /* TestTask.app */ = {isa = PBXFileReference; explicitFileType = wrapper.application; includeInIndex = 0; path = TestTask.app; sourceTree = BUILT_PRODUCTS_DIR; };
		9AABF1032881FD2F00F12C7F /* AppDelegate.swift */ = {isa = PBXFileReference; lastKnownFileType = sourcecode.swift; path = AppDelegate.swift; sourceTree = "<group>"; };
		9AABF1052881FD2F00F12C7F /* SceneDelegate.swift */ = {isa = PBXFileReference; lastKnownFileType = sourcecode.swift; path = SceneDelegate.swift; sourceTree = "<group>"; };
		9AABF1072881FD2F00F12C7F /* ViewController.swift */ = {isa = PBXFileReference; lastKnownFileType = sourcecode.swift; path = ViewController.swift; sourceTree = "<group>"; };
		9AABF10A2881FD2F00F12C7F /* Base */ = {isa = PBXFileReference; lastKnownFileType = file.storyboard; name = Base; path = Base.lproj/Main.storyboard; sourceTree = "<group>"; };
		9AABF10C2881FD3100F12C7F /* Assets.xcassets */ = {isa = PBXFileReference; lastKnownFileType = folder.assetcatalog; path = Assets.xcassets; sourceTree = "<group>"; };
		9AABF10F2881FD3100F12C7F /* Base */ = {isa = PBXFileReference; lastKnownFileType = file.storyboard; name = Base; path = Base.lproj/LaunchScreen.storyboard; sourceTree = "<group>"; };
		9AABF1112881FD3100F12C7F /* Info.plist */ = {isa = PBXFileReference; lastKnownFileType = text.plist.xml; path = Info.plist; sourceTree = "<group>"; };
/* End PBXFileReference section */

/* Begin PBXFrameworksBuildPhase section */
		9AABF0FD2881FD2F00F12C7F /* Frameworks */ = {
			isa = PBXFrameworksBuildPhase;
			buildActionMask = 2147483647;
			files = (
				9A75A01D2883715D00320E95 /* SDWebImageWebPCoder in Frameworks */,
				9A75A00C2882006E00320E95 /* Alamofire in Frameworks */,
			);
			runOnlyForDeploymentPostprocessing = 0;
		};
/* End PBXFrameworksBuildPhase section */

/* Begin PBXGroup section */
		9A75A0092881FFD000320E95 /* Service */ = {
			isa = PBXGroup;
			children = (
				9A75A00D288202D200320E95 /* Request.swift */,
				9A75A00F288202F700320E95 /* Post.swift */,
				9A75A0152882EF4300320E95 /* RequstProtocol.swift */,
			);
			path = Service;
			sourceTree = "<group>";
		};
		9A75A011288204B100320E95 /* Model */ = {
			isa = PBXGroup;
			children = (
				9A75A013288204CE00320E95 /* ViewControllerModel.swift */,
				9A75A0202884269B00320E95 /* DeteilControllerModel.swift */,
			);
			path = Model;
			sourceTree = "<group>";
		};
		9A75A012288204B700320E95 /* Controller */ = {
			isa = PBXGroup;
			children = (
				9AABF1072881FD2F00F12C7F /* ViewController.swift */,
				9A75A0192883135F00320E95 /* DeteilController.swift */,
			);
			path = Controller;
			sourceTree = "<group>";
		};
		9AABF0F72881FD2E00F12C7F = {
			isa = PBXGroup;
			children = (
				9AABF1022881FD2F00F12C7F /* TestTask */,
				9AABF1012881FD2F00F12C7F /* Products */,
			);
			sourceTree = "<group>";
		};
		9AABF1012881FD2F00F12C7F /* Products */ = {
			isa = PBXGroup;
			children = (
				9AABF1002881FD2F00F12C7F /* TestTask.app */,
			);
			name = Products;
			sourceTree = "<group>";
		};
		9AABF1022881FD2F00F12C7F /* TestTask */ = {
			isa = PBXGroup;
			children = (
				9A75A012288204B700320E95 /* Controller */,
				9A75A011288204B100320E95 /* Model */,
				9A75A0092881FFD000320E95 /* Service */,
				9AABF1172881FE1200F12C7F /* View */,
				9AABF1032881FD2F00F12C7F /* AppDelegate.swift */,
				9AABF1052881FD2F00F12C7F /* SceneDelegate.swift */,
				9AABF1092881FD2F00F12C7F /* Main.storyboard */,
				9AABF10C2881FD3100F12C7F /* Assets.xcassets */,
				9AABF10E2881FD3100F12C7F /* LaunchScreen.storyboard */,
				9AABF1112881FD3100F12C7F /* Info.plist */,
			);
			path = TestTask;
			sourceTree = "<group>";
		};
		9AABF1172881FE1200F12C7F /* View */ = {
			isa = PBXGroup;
			children = (
				9A75A0072881FF2800320E95 /* PostCell.swift */,
				9A75A01E2884244700320E95 /* DeteilPostCell.swift */,
			);
			path = View;
			sourceTree = "<group>";
		};
/* End PBXGroup section */

/* Begin PBXNativeTarget section */
		9AABF0FF2881FD2F00F12C7F /* TestTask */ = {
			isa = PBXNativeTarget;
			buildConfigurationList = 9AABF1142881FD3100F12C7F /* Build configuration list for PBXNativeTarget "TestTask" */;
			buildPhases = (
				9AABF0FC2881FD2F00F12C7F /* Sources */,
				9AABF0FD2881FD2F00F12C7F /* Frameworks */,
				9AABF0FE2881FD2F00F12C7F /* Resources */,
			);
			buildRules = (
			);
			dependencies = (
			);
			name = TestTask;
			packageProductDependencies = (
				9A75A00B2882006E00320E95 /* Alamofire */,
				9A75A01C2883715D00320E95 /* SDWebImageWebPCoder */,
			);
			productName = TestTask;
			productReference = 9AABF1002881FD2F00F12C7F /* TestTask.app */;
			productType = "com.apple.product-type.application";
		};
/* End PBXNativeTarget section */

/* Begin PBXProject section */
		9AABF0F82881FD2E00F12C7F /* Project object */ = {
			isa = PBXProject;
			attributes = {
				BuildIndependentTargetsInParallel = 1;
				LastSwiftUpdateCheck = 1300;
				LastUpgradeCheck = 1300;
				TargetAttributes = {
					9AABF0FF2881FD2F00F12C7F = {
						CreatedOnToolsVersion = 13.0;
					};
				};
			};
			buildConfigurationList = 9AABF0FB2881FD2E00F12C7F /* Build configuration list for PBXProject "TestTask" */;
			compatibilityVersion = "Xcode 13.0";
			developmentRegion = en;
			hasScannedForEncodings = 0;
			knownRegions = (
				en,
				Base,
			);
			mainGroup = 9AABF0F72881FD2E00F12C7F;
			packageReferences = (
				9A75A00A2882006E00320E95 /* XCRemoteSwiftPackageReference "Alamofire" */,
				9A75A01B2883715D00320E95 /* XCRemoteSwiftPackageReference "SDWebImageWebPCoder" */,
			);
			productRefGroup = 9AABF1012881FD2F00F12C7F /* Products */;
			projectDirPath = "";
			projectRoot = "";
			targets = (
				9AABF0FF2881FD2F00F12C7F /* TestTask */,
			);
		};
/* End PBXProject section */

/* Begin PBXResourcesBuildPhase section */
		9AABF0FE2881FD2F00F12C7F /* Resources */ = {
			isa = PBXResourcesBuildPhase;
			buildActionMask = 2147483647;
			files = (
				9AABF1102881FD3100F12C7F /* LaunchScreen.storyboard in Resources */,
				9AABF10D2881FD3100F12C7F /* Assets.xcassets in Resources */,
				9AABF10B2881FD2F00F12C7F /* Main.storyboard in Resources */,
			);
			runOnlyForDeploymentPostprocessing = 0;
		};
/* End PBXResourcesBuildPhase section */

/* Begin PBXSourcesBuildPhase section */
		9AABF0FC2881FD2F00F12C7F /* Sources */ = {
			isa = PBXSourcesBuildPhase;
			buildActionMask = 2147483647;
			files = (
				9AABF1082881FD2F00F12C7F /* ViewController.swift in Sources */,
				9A75A0082881FF2800320E95 /* PostCell.swift in Sources */,
				9A75A01A2883135F00320E95 /* DeteilController.swift in Sources */,
				9A75A00E288202D200320E95 /* Request.swift in Sources */,
				9A75A014288204CE00320E95 /* ViewControllerModel.swift in Sources */,
				9A75A010288202F700320E95 /* Post.swift in Sources */,
				9A75A0212884269B00320E95 /* DeteilControllerModel.swift in Sources */,
				9A75A0162882EF4300320E95 /* RequstProtocol.swift in Sources */,
				9AABF1042881FD2F00F12C7F /* AppDelegate.swift in Sources */,
				9A75A01F2884244700320E95 /* DeteilPostCell.swift in Sources */,
				9AABF1062881FD2F00F12C7F /* SceneDelegate.swift in Sources */,
			);
			runOnlyForDeploymentPostprocessing = 0;
		};
/* End PBXSourcesBuildPhase section */

/* Begin PBXVariantGroup section */
		9AABF1092881FD2F00F12C7F /* Main.storyboard */ = {
			isa = PBXVariantGroup;
			children = (
				9AABF10A2881FD2F00F12C7F /* Base */,
			);
			name = Main.storyboard;
			sourceTree = "<group>";
		};
		9AABF10E2881FD3100F12C7F /* LaunchScreen.storyboard */ = {
			isa = PBXVariantGroup;
			children = (
				9AABF10F2881FD3100F12C7F /* Base */,
			);
			name = LaunchScreen.storyboard;
			sourceTree = "<group>";
		};
/* End PBXVariantGroup section */

/* Begin XCBuildConfiguration section */
		9AABF1122881FD3100F12C7F /* Debug */ = {
			isa = XCBuildConfiguration;
			buildSettings = {
				ALWAYS_SEARCH_USER_PATHS = NO;
				CLANG_ANALYZER_NONNULL = YES;
				CLANG_ANALYZER_NUMBER_OBJECT_CONVERSION = YES_AGGRESSIVE;
				CLANG_CXX_LANGUAGE_STANDARD = "gnu++17";
				CLANG_CXX_LIBRARY = "libc++";
				CLANG_ENABLE_MODULES = YES;
				CLANG_ENABLE_OBJC_ARC = YES;
				CLANG_ENABLE_OBJC_WEAK = YES;
				CLANG_WARN_BLOCK_CAPTURE_AUTORELEASING = YES;
				CLANG_WARN_BOOL_CONVERSION = YES;
				CLANG_WARN_COMMA = YES;
				CLANG_WARN_CONSTANT_CONVERSION = YES;
				CLANG_WARN_DEPRECATED_OBJC_IMPLEMENTATIONS = YES;
				CLANG_WARN_DIRECT_OBJC_ISA_USAGE = YES_ERROR;
				CLANG_WARN_DOCUMENTATION_COMMENTS = YES;
				CLANG_WARN_EMPTY_BODY = YES;
				CLANG_WARN_ENUM_CONVERSION = YES;
				CLANG_WARN_INFINITE_RECURSION = YES;
				CLANG_WARN_INT_CONVERSION = YES;
				CLANG_WARN_NON_LITERAL_NULL_CONVERSION = YES;
				CLANG_WARN_OBJC_IMPLICIT_RETAIN_SELF = YES;
				CLANG_WARN_OBJC_LITERAL_CONVERSION = YES;
				CLANG_WARN_OBJC_ROOT_CLASS = YES_ERROR;
				CLANG_WARN_QUOTED_INCLUDE_IN_FRAMEWORK_HEADER = YES;
				CLANG_WARN_RANGE_LOOP_ANALYSIS = YES;
				CLANG_WARN_STRICT_PROTOTYPES = YES;
				CLANG_WARN_SUSPICIOUS_MOVE = YES;
				CLANG_WARN_UNGUARDED_AVAILABILITY = YES_AGGRESSIVE;
				CLANG_WARN_UNREACHABLE_CODE = YES;
				CLANG_WARN__DUPLICATE_METHOD_MATCH = YES;
				COPY_PHASE_STRIP = NO;
				DEBUG_INFORMATION_FORMAT = dwarf;
				ENABLE_STRICT_OBJC_MSGSEND = YES;
				ENABLE_TESTABILITY = YES;
				GCC_C_LANGUAGE_STANDARD = gnu11;
				GCC_DYNAMIC_NO_PIC = NO;
				GCC_NO_COMMON_BLOCKS = YES;
				GCC_OPTIMIZATION_LEVEL = 0;
				GCC_PREPROCESSOR_DEFINITIONS = (
					"DEBUG=1",
					"$(inherited)",
				);
				GCC_WARN_64_TO_32_BIT_CONVERSION = YES;
				GCC_WARN_ABOUT_RETURN_TYPE = YES_ERROR;
				GCC_WARN_UNDECLARED_SELECTOR = YES;
				GCC_WARN_UNINITIALIZED_AUTOS = YES_AGGRESSIVE;
				GCC_WARN_UNUSED_FUNCTION = YES;
				GCC_WARN_UNUSED_VARIABLE = YES;
				IPHONEOS_DEPLOYMENT_TARGET = 15.0;
				MTL_ENABLE_DEBUG_INFO = INCLUDE_SOURCE;
				MTL_FAST_MATH = YES;
				ONLY_ACTIVE_ARCH = YES;
				SDKROOT = iphoneos;
				SWIFT_ACTIVE_COMPILATION_CONDITIONS = DEBUG;
				SWIFT_OPTIMIZATION_LEVEL = "-Onone";
			};
			name = Debug;
		};
		9AABF1132881FD3100F12C7F /* Release */ = {
			isa = XCBuildConfiguration;
			buildSettings = {
				ALWAYS_SEARCH_USER_PATHS = NO;
				CLANG_ANALYZER_NONNULL = YES;
				CLANG_ANALYZER_NUMBER_OBJECT_CONVERSION = YES_AGGRESSIVE;
				CLANG_CXX_LANGUAGE_STANDARD = "gnu++17";
				CLANG_CXX_LIBRARY = "libc++";
				CLANG_ENABLE_MODULES = YES;
				CLANG_ENABLE_OBJC_ARC = YES;
				CLANG_ENABLE_OBJC_WEAK = YES;
				CLANG_WARN_BLOCK_CAPTURE_AUTORELEASING = YES;
				CLANG_WARN_BOOL_CONVERSION = YES;
				CLANG_WARN_COMMA = YES;
				CLANG_WARN_CONSTANT_CONVERSION = YES;
				CLANG_WARN_DEPRECATED_OBJC_IMPLEMENTATIONS = YES;
				CLANG_WARN_DIRECT_OBJC_ISA_USAGE = YES_ERROR;
				CLANG_WARN_DOCUMENTATION_COMMENTS = YES;
				CLANG_WARN_EMPTY_BODY = YES;
				CLANG_WARN_ENUM_CONVERSION = YES;
				CLANG_WARN_INFINITE_RECURSION = YES;
				CLANG_WARN_INT_CONVERSION = YES;
				CLANG_WARN_NON_LITERAL_NULL_CONVERSION = YES;
				CLANG_WARN_OBJC_IMPLICIT_RETAIN_SELF = YES;
				CLANG_WARN_OBJC_LITERAL_CONVERSION = YES;
				CLANG_WARN_OBJC_ROOT_CLASS = YES_ERROR;
				CLANG_WARN_QUOTED_INCLUDE_IN_FRAMEWORK_HEADER = YES;
				CLANG_WARN_RANGE_LOOP_ANALYSIS = YES;
				CLANG_WARN_STRICT_PROTOTYPES = YES;
				CLANG_WARN_SUSPICIOUS_MOVE = YES;
				CLANG_WARN_UNGUARDED_AVAILABILITY = YES_AGGRESSIVE;
				CLANG_WARN_UNREACHABLE_CODE = YES;
				CLANG_WARN__DUPLICATE_METHOD_MATCH = YES;
				COPY_PHASE_STRIP = NO;
				DEBUG_INFORMATION_FORMAT = "dwarf-with-dsym";
				ENABLE_NS_ASSERTIONS = NO;
				ENABLE_STRICT_OBJC_MSGSEND = YES;
				GCC_C_LANGUAGE_STANDARD = gnu11;
				GCC_NO_COMMON_BLOCKS = YES;
				GCC_WARN_64_TO_32_BIT_CONVERSION = YES;
				GCC_WARN_ABOUT_RETURN_TYPE = YES_ERROR;
				GCC_WARN_UNDECLARED_SELECTOR = YES;
				GCC_WARN_UNINITIALIZED_AUTOS = YES_AGGRESSIVE;
				GCC_WARN_UNUSED_FUNCTION = YES;
				GCC_WARN_UNUSED_VARIABLE = YES;
				IPHONEOS_DEPLOYMENT_TARGET = 15.0;
				MTL_ENABLE_DEBUG_INFO = NO;
				MTL_FAST_MATH = YES;
				SDKROOT = iphoneos;
				SWIFT_COMPILATION_MODE = wholemodule;
				SWIFT_OPTIMIZATION_LEVEL = "-O";
				VALIDATE_PRODUCT = YES;
			};
			name = Release;
		};
		9AABF1152881FD3100F12C7F /* Debug */ = {
			isa = XCBuildConfiguration;
			buildSettings = {
				ASSETCATALOG_COMPILER_APPICON_NAME = AppIcon;
				ASSETCATALOG_COMPILER_GLOBAL_ACCENT_COLOR_NAME = AccentColor;
				CODE_SIGN_STYLE = Automatic;
				CURRENT_PROJECT_VERSION = 1;
				GENERATE_INFOPLIST_FILE = YES;
				INFOPLIST_FILE = TestTask/Info.plist;
				INFOPLIST_KEY_UIApplicationSupportsIndirectInputEvents = YES;
				INFOPLIST_KEY_UILaunchStoryboardName = LaunchScreen;
				INFOPLIST_KEY_UIMainStoryboardFile = Main;
				INFOPLIST_KEY_UISupportedInterfaceOrientations_iPad = "UIInterfaceOrientationPortrait UIInterfaceOrientationPortraitUpsideDown UIInterfaceOrientationLandscapeLeft UIInterfaceOrientationLandscapeRight";
				INFOPLIST_KEY_UISupportedInterfaceOrientations_iPhone = "UIInterfaceOrientationPortrait UIInterfaceOrientationLandscapeLeft UIInterfaceOrientationLandscapeRight";
				LD_RUNPATH_SEARCH_PATHS = (
					"$(inherited)",
					"@executable_path/Frameworks",
				);
				MARKETING_VERSION = 1.0;
				PRODUCT_BUNDLE_IDENTIFIER = we.TestTask;
				PRODUCT_NAME = "$(TARGET_NAME)";
				SWIFT_EMIT_LOC_STRINGS = YES;
				SWIFT_VERSION = 5.0;
				TARGETED_DEVICE_FAMILY = "1,2";
			};
			name = Debug;
		};
		9AABF1162881FD3100F12C7F /* Release */ = {
			isa = XCBuildConfiguration;
			buildSettings = {
				ASSETCATALOG_COMPILER_APPICON_NAME = AppIcon;
				ASSETCATALOG_COMPILER_GLOBAL_ACCENT_COLOR_NAME = AccentColor;
				CODE_SIGN_STYLE = Automatic;
				CURRENT_PROJECT_VERSION = 1;
				GENERATE_INFOPLIST_FILE = YES;
				INFOPLIST_FILE = TestTask/Info.plist;
				INFOPLIST_KEY_UIApplicationSupportsIndirectInputEvents = YES;
				INFOPLIST_KEY_UILaunchStoryboardName = LaunchScreen;
				INFOPLIST_KEY_UIMainStoryboardFile = Main;
				INFOPLIST_KEY_UISupportedInterfaceOrientations_iPad = "UIInterfaceOrientationPortrait UIInterfaceOrientationPortraitUpsideDown UIInterfaceOrientationLandscapeLeft UIInterfaceOrientationLandscapeRight";
				INFOPLIST_KEY_UISupportedInterfaceOrientations_iPhone = "UIInterfaceOrientationPortrait UIInterfaceOrientationLandscapeLeft UIInterfaceOrientationLandscapeRight";
				LD_RUNPATH_SEARCH_PATHS = (
					"$(inherited)",
					"@executable_path/Frameworks",
				);
				MARKETING_VERSION = 1.0;
				PRODUCT_BUNDLE_IDENTIFIER = we.TestTask;
				PRODUCT_NAME = "$(TARGET_NAME)";
				SWIFT_EMIT_LOC_STRINGS = YES;
				SWIFT_VERSION = 5.0;
				TARGETED_DEVICE_FAMILY = "1,2";
			};
			name = Release;
		};
/* End XCBuildConfiguration section */

/* Begin XCConfigurationList section */
		9AABF0FB2881FD2E00F12C7F /* Build configuration list for PBXProject "TestTask" */ = {
			isa = XCConfigurationList;
			buildConfigurations = (
				9AABF1122881FD3100F12C7F /* Debug */,
				9AABF1132881FD3100F12C7F /* Release */,
			);
			defaultConfigurationIsVisible = 0;
			defaultConfigurationName = Release;
		};
		9AABF1142881FD3100F12C7F /* Build configuration list for PBXNativeTarget "TestTask" */ = {
			isa = XCConfigurationList;
			buildConfigurations = (
				9AABF1152881FD3100F12C7F /* Debug */,
				9AABF1162881FD3100F12C7F /* Release */,
			);
			defaultConfigurationIsVisible = 0;
			defaultConfigurationName = Release;
		};
/* End XCConfigurationList section */

/* Begin XCRemoteSwiftPackageReference section */
		9A75A00A2882006E00320E95 /* XCRemoteSwiftPackageReference "Alamofire" */ = {
			isa = XCRemoteSwiftPackageReference;
			repositoryURL = "https://github.com/Alamofire/Alamofire";
			requirement = {
				branch = master;
				kind = branch;
			};
		};
		9A75A01B2883715D00320E95 /* XCRemoteSwiftPackageReference "SDWebImageWebPCoder" */ = {
			isa = XCRemoteSwiftPackageReference;
			repositoryURL = "https://github.com/SDWebImage/SDWebImageWebPCoder.git";
			requirement = {
				kind = upToNextMajorVersion;
				minimumVersion = 0.9.0;
			};
		};
/* End XCRemoteSwiftPackageReference section */

/* Begin XCSwiftPackageProductDependency section */
		9A75A00B2882006E00320E95 /* Alamofire */ = {
			isa = XCSwiftPackageProductDependency;
			package = 9A75A00A2882006E00320E95 /* XCRemoteSwiftPackageReference "Alamofire" */;
			productName = Alamofire;
		};
		9A75A01C2883715D00320E95 /* SDWebImageWebPCoder */ = {
			isa = XCSwiftPackageProductDependency;
			package = 9A75A01B2883715D00320E95 /* XCRemoteSwiftPackageReference "SDWebImageWebPCoder" */;
			productName = SDWebImageWebPCoder;
		};
/* End XCSwiftPackageProductDependency section */
	};
	rootObject = 9AABF0F82881FD2E00F12C7F /* Project object */;
}
